
Microsoft Visual Studio Solution File, Format Version 12.00
# Visual Studio Version 17
VisualStudioVersion = 17.7.34003.232
MinimumVisualStudioVersion = 10.0.40219.1
Project("{9A19103F-16F7-4668-BE54-9A1E7A4F7556}") = "JiraClone.API", "JiraClone.API\JiraClone.API.csproj", "{3662B5B2-AC33-449F-BAC4-986A01041A6E}"
EndProject
Project("{9A19103F-16F7-4668-BE54-9A1E7A4F7556}") = "JiraClone.Service", "JiraClone.Service\JiraClone.Service.csproj", "{08EE0408-6327-4391-91A2-68CEC4AAC8B0}"
EndProject
Project("{9A19103F-16F7-4668-BE54-9A1E7A4F7556}") = "JiraClone.Data", "JiraClone.Data\JiraClone.Data.csproj", "{AB5BF66B-F3F9-4FED-81C2-46B557B2711D}"
EndProject
Project("{2150E333-8FDC-42A3-9474-1A3956D46DE8}") = "Utils", "Utils", "{E613EACF-E72D-400B-9CA0-2490E8BD9B7E}"
EndProject
Project("{9A19103F-16F7-4668-BE54-9A1E7A4F7556}") = "JiraClone.Utils.Common", "JiraClone.Utils.Common\JiraClone.Utils.Common.csproj", "{2637B881-3DC4-4ED5-8146-A3F9BFB8604A}"
EndProject
Project("{9A19103F-16F7-4668-BE54-9A1E7A4F7556}") = "JiraClone.Client", "JiraClone.Client\JiraClone.Client.csproj", "{D008322E-5555-4068-926E-B97354CA2F01}"
EndProject
Project("{9A19103F-16F7-4668-BE54-9A1E7A4F7556}") = "JiraClone.Utils.Repository", "JiraClone.Utils.Repository\JiraClone.Utils.Repository.csproj", "{6CE941CE-D19C-4C97-BABD-FBB203CD6B89}"
EndProject
Project("{9A19103F-16F7-4668-BE54-9A1E7A4F7556}") = "JiraClone.Utils.BaseService", "JiraClone.Utils.BaseService\JiraClone.Utils.BaseService.csproj", "{242D04A2-77CA-47C4-B923-9C648B6955B5}"
EndProject
Global
	GlobalSection(SolutionConfigurationPlatforms) = preSolution
		Debug|Any CPU = Debug|Any CPU
		Release|Any CPU = Release|Any CPU
	EndGlobalSection
	GlobalSection(ProjectConfigurationPlatforms) = postSolution
		{3662B5B2-AC33-449F-BAC4-986A01041A6E}.Debug|Any CPU.ActiveCfg = Debug|Any CPU
		{3662B5B2-AC33-449F-BAC4-986A01041A6E}.Debug|Any CPU.Build.0 = Debug|Any CPU
		{3662B5B2-AC33-449F-BAC4-986A01041A6E}.Release|Any CPU.ActiveCfg = Release|Any CPU
		{3662B5B2-AC33-449F-BAC4-986A01041A6E}.Release|Any CPU.Build.0 = Release|Any CPU
		{08EE0408-6327-4391-91A2-68CEC4AAC8B0}.Debug|Any CPU.ActiveCfg = Debug|Any CPU
		{08EE0408-6327-4391-91A2-68CEC4AAC8B0}.Debug|Any CPU.Build.0 = Debug|Any CPU
		{08EE0408-6327-4391-91A2-68CEC4AAC8B0}.Release|Any CPU.ActiveCfg = Release|Any CPU
		{08EE0408-6327-4391-91A2-68CEC4AAC8B0}.Release|Any CPU.Build.0 = Release|Any CPU
		{AB5BF66B-F3F9-4FED-81C2-46B557B2711D}.Debug|Any CPU.ActiveCfg = Debug|Any CPU
		{AB5BF66B-F3F9-4FED-81C2-46B557B2711D}.Debug|Any CPU.Build.0 = Debug|Any CPU
		{AB5BF66B-F3F9-4FED-81C2-46B557B2711D}.Release|Any CPU.ActiveCfg = Release|Any CPU
		{AB5BF66B-F3F9-4FED-81C2-46B557B2711D}.Release|Any CPU.Build.0 = Release|Any CPU
		{2637B881-3DC4-4ED5-8146-A3F9BFB8604A}.Debug|Any CPU.ActiveCfg = Debug|Any CPU
		{2637B881-3DC4-4ED5-8146-A3F9BFB8604A}.Debug|Any CPU.Build.0 = Debug|Any CPU
		{2637B881-3DC4-4ED5-8146-A3F9BFB8604A}.Release|Any CPU.ActiveCfg = Release|Any CPU
		{2637B881-3DC4-4ED5-8146-A3F9BFB8604A}.Release|Any CPU.Build.0 = Release|Any CPU
		{D008322E-5555-4068-926E-B97354CA2F01}.Debug|Any CPU.ActiveCfg = Debug|Any CPU
		{D008322E-5555-4068-926E-B97354CA2F01}.Debug|Any CPU.Build.0 = Debug|Any CPU
		{D008322E-5555-4068-926E-B97354CA2F01}.Release|Any CPU.ActiveCfg = Release|Any CPU
		{D008322E-5555-4068-926E-B97354CA2F01}.Release|Any CPU.Build.0 = Release|Any CPU
		{6CE941CE-D19C-4C97-BABD-FBB203CD6B89}.Debug|Any CPU.ActiveCfg = Debug|Any CPU
		{6CE941CE-D19C-4C97-BABD-FBB203CD6B89}.Debug|Any CPU.Build.0 = Debug|Any CPU
		{6CE941CE-D19C-4C97-BABD-FBB203CD6B89}.Release|Any CPU.ActiveCfg = Release|Any CPU
		{6CE941CE-D19C-4C97-BABD-FBB203CD6B89}.Release|Any CPU.Build.0 = Release|Any CPU
		{242D04A2-77CA-47C4-B923-9C648B6955B5}.Debug|Any CPU.ActiveCfg = Debug|Any CPU
		{242D04A2-77CA-47C4-B923-9C648B6955B5}.Debug|Any CPU.Build.0 = Debug|Any CPU
		{242D04A2-77CA-47C4-B923-9C648B6955B5}.Release|Any CPU.ActiveCfg = Release|Any CPU
		{242D04A2-77CA-47C4-B923-9C648B6955B5}.Release|Any CPU.Build.0 = Release|Any CPU
	EndGlobalSection
	GlobalSection(SolutionProperties) = preSolution
		HideSolutionNode = FALSE
	EndGlobalSection
	GlobalSection(NestedProjects) = preSolution
		{2637B881-3DC4-4ED5-8146-A3F9BFB8604A} = {E613EACF-E72D-400B-9CA0-2490E8BD9B7E}
		{6CE941CE-D19C-4C97-BABD-FBB203CD6B89} = {E613EACF-E72D-400B-9CA0-2490E8BD9B7E}
		{242D04A2-77CA-47C4-B923-9C648B6955B5} = {E613EACF-E72D-400B-9CA0-2490E8BD9B7E}
	EndGlobalSection
	GlobalSection(ExtensibilityGlobals) = postSolution
		SolutionGuid = {DD717331-1FB6-4493-9350-B0A38FAC15E5}
	EndGlobalSection
EndGlobal
